
Microsoft Visual Studio Solution File, Format Version 12.00
# Visual Studio 15
VisualStudioVersion = 15.0.26206.0
MinimumVisualStudioVersion = 10.0.40219.1
Project("{2150E333-8FDC-42A3-9474-1A3956D46DE8}") = "Day 1", "Day 1", "{7FC3F3BD-D833-4486-8A13-ECE24CC5CA10}"
EndProject
Project("{FAE04EC0-301F-11D3-BF4B-00C04F79EFBC}") = "Hello", "Day 1\Hello\Hello.csproj", "{F77B181A-4823-471C-99BA-0D2443264211}"
EndProject
Project("{2150E333-8FDC-42A3-9474-1A3956D46DE8}") = "Day 2", "Day 2", "{E30964C4-5F7E-4674-A1A5-3F5B2FF910DC}"
EndProject
Project("{2150E333-8FDC-42A3-9474-1A3956D46DE8}") = "Day 3", "Day 3", "{672530D8-D103-437F-8FFA-B2C61D75EFDF}"
EndProject
Project("{2150E333-8FDC-42A3-9474-1A3956D46DE8}") = "Day 4", "Day 4", "{8586D6BE-B258-4F84-92F4-F5C5380701A1}"
EndProject
Project("{FAE04EC0-301F-11D3-BF4B-00C04F79EFBC}") = "Timers", "Day 4\Timers\Timers.csproj", "{C0CAD487-13CF-429D-B334-9331EF153887}"
EndProject
Project("{FAE04EC0-301F-11D3-BF4B-00C04F79EFBC}") = "Day 2", "Day 2\Day 2.csproj", "{86AD89BF-D163-40DC-9986-8F2B861B03C6}"
EndProject
Project("{2150E333-8FDC-42A3-9474-1A3956D46DE8}") = "Day 5", "Day 5", "{433411D4-8A19-46C4-A99D-7A2FEEFFADD3}"
EndProject
Project("{FAE04EC0-301F-11D3-BF4B-00C04F79EFBC}") = "Mouse", "Day 3\Mouse\Mouse.csproj", "{CC4C13E6-D642-4554-865F-9E9A035F6AC6}"
EndProject
Project("{FAE04EC0-301F-11D3-BF4B-00C04F79EFBC}") = "Dialogs", "Day 5\Dialogs\Dialogs.csproj", "{AFCD4E75-46B3-4923-9D06-9398F30B676C}"
EndProject
Project("{2150E333-8FDC-42A3-9474-1A3956D46DE8}") = "Day 6", "Day 6", "{8E401F7D-5D70-4593-AD66-75C76D48AB3B}"
EndProject
Project("{FAE04EC0-301F-11D3-BF4B-00C04F79EFBC}") = "Menus", "Day 6\Menus\Menus.csproj", "{4EB2AEA3-4455-49B8-AA10-86E03F283BA0}"
EndProject
Global
	GlobalSection(SolutionConfigurationPlatforms) = preSolution
		Debug|Any CPU = Debug|Any CPU
		Release|Any CPU = Release|Any CPU
	EndGlobalSection
	GlobalSection(ProjectConfigurationPlatforms) = postSolution
		{F77B181A-4823-471C-99BA-0D2443264211}.Debug|Any CPU.ActiveCfg = Debug|Any CPU
		{F77B181A-4823-471C-99BA-0D2443264211}.Debug|Any CPU.Build.0 = Debug|Any CPU
		{F77B181A-4823-471C-99BA-0D2443264211}.Release|Any CPU.ActiveCfg = Release|Any CPU
		{F77B181A-4823-471C-99BA-0D2443264211}.Release|Any CPU.Build.0 = Release|Any CPU
		{C0CAD487-13CF-429D-B334-9331EF153887}.Debug|Any CPU.ActiveCfg = Debug|Any CPU
		{C0CAD487-13CF-429D-B334-9331EF153887}.Debug|Any CPU.Build.0 = Debug|Any CPU
		{C0CAD487-13CF-429D-B334-9331EF153887}.Release|Any CPU.ActiveCfg = Release|Any CPU
		{C0CAD487-13CF-429D-B334-9331EF153887}.Release|Any CPU.Build.0 = Release|Any CPU
		{86AD89BF-D163-40DC-9986-8F2B861B03C6}.Debug|Any CPU.ActiveCfg = Debug|Any CPU
		{86AD89BF-D163-40DC-9986-8F2B861B03C6}.Debug|Any CPU.Build.0 = Debug|Any CPU
		{86AD89BF-D163-40DC-9986-8F2B861B03C6}.Release|Any CPU.ActiveCfg = Release|Any CPU
		{86AD89BF-D163-40DC-9986-8F2B861B03C6}.Release|Any CPU.Build.0 = Release|Any CPU
		{CC4C13E6-D642-4554-865F-9E9A035F6AC6}.Debug|Any CPU.ActiveCfg = Debug|Any CPU
		{CC4C13E6-D642-4554-865F-9E9A035F6AC6}.Debug|Any CPU.Build.0 = Debug|Any CPU
		{CC4C13E6-D642-4554-865F-9E9A035F6AC6}.Release|Any CPU.ActiveCfg = Release|Any CPU
		{CC4C13E6-D642-4554-865F-9E9A035F6AC6}.Release|Any CPU.Build.0 = Release|Any CPU
		{AFCD4E75-46B3-4923-9D06-9398F30B676C}.Debug|Any CPU.ActiveCfg = Debug|Any CPU
		{AFCD4E75-46B3-4923-9D06-9398F30B676C}.Debug|Any CPU.Build.0 = Debug|Any CPU
		{AFCD4E75-46B3-4923-9D06-9398F30B676C}.Release|Any CPU.ActiveCfg = Release|Any CPU
		{AFCD4E75-46B3-4923-9D06-9398F30B676C}.Release|Any CPU.Build.0 = Release|Any CPU
		{4EB2AEA3-4455-49B8-AA10-86E03F283BA0}.Debug|Any CPU.ActiveCfg = Debug|Any CPU
		{4EB2AEA3-4455-49B8-AA10-86E03F283BA0}.Debug|Any CPU.Build.0 = Debug|Any CPU
		{4EB2AEA3-4455-49B8-AA10-86E03F283BA0}.Release|Any CPU.ActiveCfg = Release|Any CPU
		{4EB2AEA3-4455-49B8-AA10-86E03F283BA0}.Release|Any CPU.Build.0 = Release|Any CPU
	EndGlobalSection
	GlobalSection(SolutionProperties) = preSolution
		HideSolutionNode = FALSE
	EndGlobalSection
	GlobalSection(NestedProjects) = preSolution
		{F77B181A-4823-471C-99BA-0D2443264211} = {7FC3F3BD-D833-4486-8A13-ECE24CC5CA10}
		{C0CAD487-13CF-429D-B334-9331EF153887} = {8586D6BE-B258-4F84-92F4-F5C5380701A1}
		{86AD89BF-D163-40DC-9986-8F2B861B03C6} = {E30964C4-5F7E-4674-A1A5-3F5B2FF910DC}
		{CC4C13E6-D642-4554-865F-9E9A035F6AC6} = {672530D8-D103-437F-8FFA-B2C61D75EFDF}
		{AFCD4E75-46B3-4923-9D06-9398F30B676C} = {433411D4-8A19-46C4-A99D-7A2FEEFFADD3}
		{4EB2AEA3-4455-49B8-AA10-86E03F283BA0} = {8E401F7D-5D70-4593-AD66-75C76D48AB3B}
	EndGlobalSection
EndGlobal
